
Microsoft Visual Studio Solution File, Format Version 12.00
# Visual Studio Version 17
VisualStudioVersion = 17.6.33829.357
MinimumVisualStudioVersion = 10.0.40219.1
Project("{FAE04EC0-301F-11D3-BF4B-00C04F79EFBC}") = "ButunlemeYonEylem4", "ButunlemeYonEylem4\ButunlemeYonEylem4.csproj", "{09C08B19-32E5-43BF-BD07-488B256FBD2D}"
EndProject
Global
	GlobalSection(SolutionConfigurationPlatforms) = preSolution
		Debug|Any CPU = Debug|Any CPU
		Release|Any CPU = Release|Any CPU
	EndGlobalSection
	GlobalSection(ProjectConfigurationPlatforms) = postSolution
		{09C08B19-32E5-43BF-BD07-488B256FBD2D}.Debug|Any CPU.ActiveCfg = Debug|Any CPU
		{09C08B19-32E5-43BF-BD07-488B256FBD2D}.Debug|Any CPU.Build.0 = Debug|Any CPU
		{09C08B19-32E5-43BF-BD07-488B256FBD2D}.Release|Any CPU.ActiveCfg = Release|Any CPU
		{09C08B19-32E5-43BF-BD07-488B256FBD2D}.Release|Any CPU.Build.0 = Release|Any CPU
	EndGlobalSection
	GlobalSection(SolutionProperties) = preSolution
		HideSolutionNode = FALSE
	EndGlobalSection
	GlobalSection(ExtensibilityGlobals) = postSolution
		SolutionGuid = {A4D10935-073C-447E-90D4-DEACF41D4E88}
	EndGlobalSection
EndGlobal
